
Microsoft Visual Studio Solution File, Format Version 12.00
# Visual Studio Version 16
VisualStudioVersion = 16.0.30128.74
MinimumVisualStudioVersion = 10.0.40219.1
Project("{F2A71F9B-5D33-465A-A702-920D77279786}") = "Cuisl.Wpf", "Cuisl.Wpf.fsproj", "{BB24B907-993B-4F9C-AB23-E17F9346AC59}"
EndProject
Global
	GlobalSection(SolutionConfigurationPlatforms) = preSolution
		Debug|Any CPU = Debug|Any CPU
		Release|Any CPU = Release|Any CPU
	EndGlobalSection
	GlobalSection(ProjectConfigurationPlatforms) = postSolution
		{BB24B907-993B-4F9C-AB23-E17F9346AC59}.Debug|Any CPU.ActiveCfg = Debug|Any CPU
		{BB24B907-993B-4F9C-AB23-E17F9346AC59}.Debug|Any CPU.Build.0 = Debug|Any CPU
		{BB24B907-993B-4F9C-AB23-E17F9346AC59}.Release|Any CPU.ActiveCfg = Release|Any CPU
		{BB24B907-993B-4F9C-AB23-E17F9346AC59}.Release|Any CPU.Build.0 = Release|Any CPU
	EndGlobalSection
	GlobalSection(SolutionProperties) = preSolution
		HideSolutionNode = FALSE
	EndGlobalSection
	GlobalSection(ExtensibilityGlobals) = postSolution
		SolutionGuid = {FDE96CBA-CC93-40A5-952A-283C1243EDC3}
	EndGlobalSection
EndGlobal
